github.com/cloudcannon/bookshop/hugo/v3 v3.0.0 h1:jPt7pt2jhDtNUXVxtgtspDavKxotJ4TxTlEWgQMz4PA=
github.com/cloudcannon/bookshop/hugo/v3 v3.0.0/go.mod h1:s7mIonDhtsLcn10ZKuVXyqd6BDHI8vT1WQhZw8rPfY8=
github.com/cloudcannon/bookshop/hugo/v3 v3.2.0 h1:X4SA517PEu2kbPpE6Fseq7Al2Zd9CWfD3kwG1E5wKlw=
github.com/cloudcannon/bookshop/hugo/v3 v3.2.0/go.mod h1:s7mIonDhtsLcn10ZKuVXyqd6BDHI8vT1WQhZw8rPfY8=
github.com/cloudcannon/bookshop/hugo/v3 v3.2.1 h1:qxKSd0xiiHh54ueVxNvr3ak+TdHcCo+sKXO7OSt/KVU=
github.com/cloudcannon/bookshop/hugo/v3 v3.2.1/go.mod h1:s7mIonDhtsLcn10ZKuVXyqd6BDHI8vT1WQhZw8rPfY8=
