github.com/cloudcannon/bookshop/hugo/v2 v2.4.1 h1:gAeT/rTXiaq1R8oHwiqv5zsgmuTeg00QEGelXkiY4wE=
github.com/cloudcannon/bookshop/hugo/v2 v2.4.1/go.mod h1:6A13Qmq2GN0Msd/vD8mLbcICGOEHQWM5lQwA2lwgp+A=
github.com/cloudcannon/bookshop/hugo/v2 v2.4.2 h1:9F372FT3n3fWAZCOMmdg1vi2kViaiNOvoQBDSEFAUlM=
github.com/cloudcannon/bookshop/hugo/v2 v2.4.2/go.mod h1:6A13Qmq2GN0Msd/vD8mLbcICGOEHQWM5lQwA2lwgp+A=
